<?xml version="1.0" encoding="utf-8"?>
<Project ToolsVersion="4.0" xmlns="http://schemas.microsoft.com/developer/msbuild/2003">
  <ItemGroup>
    <Filter Include="Source Files">
      <UniqueIdentifier>{4FC737F1-C7A5-4376-A066-2A32D752A2FF}</UniqueIdentifier>
      <Extensions>cpp;c;cc;cxx;def;odl;idl;hpj;bat;asm;asmx</Extensions>
    </Filter>
    <Filter Include="Header Files">
      <UniqueIdentifier>{93995380-89BD-4b04-88EB-625FBE52EBFB}</UniqueIdentifier>
      <Extensions>h;hh;hpp;hxx;hm;inl;inc;xsd</Extensions>
    </Filter>
    <Filter Include="Shaders">
      <UniqueIdentifier>{3d427416-2d90-498f-833a-b8cf00b1c44c}</UniqueIdentifier>
    </Filter>
    <Filter Include="Vulkan Structures">
      <UniqueIdentifier>{9387b496-4cd2-4707-a8eb-968bb2cf91a6}</UniqueIdentifier>
    </Filter>
    <Filter Include="Libs">
      <UniqueIdentifier>{efca6207-94ad-4ec3-8a3c-59ab1de575f9}</UniqueIdentifier>
    </Filter>
    <Filter Include="Platform Independent">
      <UniqueIdentifier>{2610fa9c-8761-40a0-8b5e-72469540d9ca}</UniqueIdentifier>
    </Filter>
    <Filter Include="Utility">
      <UniqueIdentifier>{27261af7-700d-4a7a-bd63-e339a85e3383}</UniqueIdentifier>
    </Filter>
    <Filter Include="Game application">
      <UniqueIdentifier>{12dc8bb7-3e27-4ce7-90f4-9201680ba230}</UniqueIdentifier>
    </Filter>
    <Filter Include="Platform Independent\Rendering">
      <UniqueIdentifier>{cc7e9991-d866-4f62-b7f8-14428903acbe}</UniqueIdentifier>
    </Filter>
    <Filter Include="Vulkan Structures\GameData">
      <UniqueIdentifier>{69b38e2d-3371-467e-bfa3-25c759d60d44}</UniqueIdentifier>
    </Filter>
    <Filter Include="Imgui">
      <UniqueIdentifier>{91f3793d-71f0-4d1c-a913-f56198bc6be7}</UniqueIdentifier>
    </Filter>
    <Filter Include="Platform Independent\Window">
      <UniqueIdentifier>{0ea5753e-435c-4920-a5b6-dcd8feda9259}</UniqueIdentifier>
    </Filter>
    <Filter Include="Platform Independent\GUI">
      <UniqueIdentifier>{9ba11da8-5f00-4a73-8455-ccc00a521ded}</UniqueIdentifier>
    </Filter>
  </ItemGroup>
  <ItemGroup>
    <ClCompile Include="main.cpp">
      <Filter>Source Files</Filter>
    </ClCompile>
    <ClCompile Include="DescriptorPoolVulkan.cpp">
      <Filter>Vulkan Structures</Filter>
    </ClCompile>
    <ClCompile Include="RendererVulkan.cpp">
      <Filter>Vulkan Structures</Filter>
    </ClCompile>
    <ClCompile Include="CommandpoolVulkan.cpp">
      <Filter>Vulkan Structures</Filter>
    </ClCompile>
    <ClCompile Include="ModelLoader.cpp">
      <Filter>Utility</Filter>
    </ClCompile>
    <ClCompile Include="Game.cpp">
      <Filter>Game application</Filter>
    </ClCompile>
    <ClCompile Include="DeviceVulkan.cpp">
      <Filter>Vulkan Structures</Filter>
    </ClCompile>
    <ClCompile Include="SDLLowLevelWindow.cpp">
      <Filter>Platform Independent\Window</Filter>
    </ClCompile>
    <ClCompile Include="DescriptorLayoutHelper.h">
      <Filter>Vulkan Structures</Filter>
    </ClCompile>
    <ClCompile Include="FramebufferVulkan.cpp">
      <Filter>Vulkan Structures</Filter>
    </ClCompile>
    <ClCompile Include="ShaderProgramVulkan.cpp">
      <Filter>Vulkan Structures</Filter>
    </ClCompile>
    <ClCompile Include="EngineTimer.cpp">
      <Filter>Utility</Filter>
    </ClCompile>
    <ClCompile Include="Object.cpp">
      <Filter>Game application</Filter>
    </ClCompile>
    <ClCompile Include="ResourceManager.cpp">
      <Filter>Platform Independent</Filter>
    </ClCompile>
    <ClCompile Include="ModelVulkan.cpp">
      <Filter>Vulkan Structures\GameData</Filter>
    </ClCompile>
    <ClCompile Include="ObjectRenderingDataVulkan.cpp">
      <Filter>Vulkan Structures\GameData</Filter>
    </ClCompile>
    <ClCompile Include="TextureVulkan.cpp">
      <Filter>Vulkan Structures\GameData</Filter>
    </ClCompile>
    <ClCompile Include="QueryPoolVulkan.cpp">
      <Filter>Vulkan Structures</Filter>
    </ClCompile>
    <ClCompile Include="GLFWLowLevelWindow.cpp">
      <Filter>Platform Independent\Window</Filter>
    </ClCompile>
    <ClCompile Include="Imgui\imgui_demo.cpp">
      <Filter>Imgui</Filter>
    </ClCompile>
    <ClCompile Include="Imgui\imgui_draw.cpp">
      <Filter>Imgui</Filter>
    </ClCompile>
    <ClCompile Include="Imgui\imgui_impl_glfw_vulkan.cpp">
      <Filter>Imgui</Filter>
    </ClCompile>
    <ClCompile Include="Imgui\imgui.cpp">
      <Filter>Imgui</Filter>
    </ClCompile>
    <ClCompile Include="inputGlfw.cpp">
      <Filter>Platform Independent</Filter>
    </ClCompile>
    <ClCompile Include="MainGUI.cpp">
      <Filter>Platform Independent\GUI</Filter>
    </ClCompile>
  </ItemGroup>
  <ItemGroup>
    <ClInclude Include="Helper.h">
      <Filter>Source Files</Filter>
    </ClInclude>
    <ClInclude Include="DescriptorPoolVulkan.h">
      <Filter>Vulkan Structures</Filter>
    </ClInclude>
    <ClInclude Include="RendererVulkan.h">
      <Filter>Vulkan Structures</Filter>
    </ClInclude>
    <ClInclude Include="CommandpoolVulkan.h">
      <Filter>Vulkan Structures</Filter>
    </ClInclude>
    <ClInclude Include="VulkanHelper.h">
      <Filter>Vulkan Structures</Filter>
    </ClInclude>
    <ClInclude Include="easylogging++.h">
      <Filter>Libs</Filter>
    </ClInclude>
    <ClInclude Include="vk_mem_alloc.h">
      <Filter>Libs</Filter>
    </ClInclude>
    <ClInclude Include="RenderingIncludes.h">
      <Filter>Vulkan Structures</Filter>
    </ClInclude>
    <ClInclude Include="VulkanDataObjects.h">
      <Filter>Vulkan Structures</Filter>
    </ClInclude>
    <ClInclude Include="GraphicsStructures.h">
      <Filter>Platform Independent</Filter>
    </ClInclude>
    <ClInclude Include="ConstantBuffers.h">
      <Filter>Vulkan Structures</Filter>
    </ClInclude>
    <ClInclude Include="ModelLoader.h">
      <Filter>Utility</Filter>
    </ClInclude>
    <ClInclude Include="GenericMathValueStructs.h">
      <Filter>Platform Independent</Filter>
    </ClInclude>
    <ClInclude Include="Game.h">
      <Filter>Game application</Filter>
    </ClInclude>
    <ClInclude Include="DeviceVulkan.h">
      <Filter>Vulkan Structures</Filter>
    </ClInclude>
    <ClInclude Include="iLowLevelWindow.h">
      <Filter>Platform Independent\Window</Filter>
    </ClInclude>
    <ClInclude Include="SDLLowLevelWindow.h">
      <Filter>Platform Independent\Window</Filter>
    </ClInclude>
    <ClInclude Include="NewCamera.h">
      <Filter>Platform Independent</Filter>
    </ClInclude>
    <ClInclude Include="FramebufferVulkan.h">
      <Filter>Vulkan Structures</Filter>
    </ClInclude>
    <ClInclude Include="ShaderProgramVulkan.h">
      <Filter>Vulkan Structures</Filter>
    </ClInclude>
    <ClInclude Include="EngineTimer.h">
      <Filter>Utility</Filter>
    </ClInclude>
    <ClInclude Include="Object.h">
      <Filter>Game application</Filter>
    </ClInclude>
    <ClInclude Include="MaterialComponent.h">
      <Filter>Game application</Filter>
    </ClInclude>
    <ClInclude Include="iModel.h">
      <Filter>Platform Independent\Rendering</Filter>
    </ClInclude>
    <ClInclude Include="iTexture.h">
      <Filter>Platform Independent\Rendering</Filter>
    </ClInclude>
    <ClInclude Include="ResourceManager.h">
      <Filter>Platform Independent</Filter>
    </ClInclude>
    <ClInclude Include="Material.h">
      <Filter>Platform Independent\Rendering</Filter>
    </ClInclude>
    <ClInclude Include="iObjectRenderingData.h">
      <Filter>Platform Independent\Rendering</Filter>
    </ClInclude>
    <ClInclude Include="ModelVulkan.h">
      <Filter>Vulkan Structures\GameData</Filter>
    </ClInclude>
    <ClInclude Include="ObjectRenderingDataVulkan.h">
      <Filter>Vulkan Structures\GameData</Filter>
    </ClInclude>
    <ClInclude Include="TextureVulkan.h">
      <Filter>Vulkan Structures\GameData</Filter>
    </ClInclude>
    <ClInclude Include="QueryPoolVulkan.h">
      <Filter>Vulkan Structures</Filter>
    </ClInclude>
    <ClInclude Include="GLFWLowLevelWindow.h">
      <Filter>Platform Independent\Window</Filter>
    </ClInclude>
    <ClInclude Include="Imgui\imgui_impl_glfw_vulkan.h">
      <Filter>Imgui</Filter>
    </ClInclude>
    <ClInclude Include="Imgui\imgui_internal.h">
      <Filter>Imgui</Filter>
    </ClInclude>
    <ClInclude Include="Imgui\stb_rect_pack.h">
      <Filter>Imgui</Filter>
    </ClInclude>
    <ClInclude Include="Imgui\stb_textedit.h">
      <Filter>Imgui</Filter>
    </ClInclude>
    <ClInclude Include="Imgui\stb_truetype.h">
      <Filter>Imgui</Filter>
    </ClInclude>
    <ClInclude Include="Imgui\imconfig.h">
      <Filter>Imgui</Filter>
    </ClInclude>
    <ClInclude Include="Imgui\imgui.h">
      <Filter>Imgui</Filter>
    </ClInclude>
    <ClInclude Include="inputGlfw.h">
      <Filter>Platform Independent</Filter>
    </ClInclude>
    <ClInclude Include="MainGUI.h">
      <Filter>Platform Independent\GUI</Filter>
    </ClInclude>
  </ItemGroup>
  <ItemGroup>
    <None Include="Shaders\VertexShaderStart.vert">
      <Filter>Shaders</Filter>
    </None>
    <None Include="Shaders\FragmentShaderStart.frag">
      <Filter>Shaders</Filter>
    </None>
    <None Include="Shaders\FragmentShaderRed.frag">
      <Filter>Shaders</Filter>
    </None>
    <None Include="Shaders\VertexShaderRed.vert">
      <Filter>Shaders</Filter>
    </None>
    <None Include="Imgui\glsl_shader.frag">
      <Filter>Imgui</Filter>
    </None>
    <None Include="Imgui\glsl_shader.vert">
      <Filter>Imgui</Filter>
    </None>
    <None Include="Imgui\main.cpp">
      <Filter>Imgui</Filter>
    </None>
    <None Include="Shaders\FragmentShaderPostProc.frag">
      <Filter>Shaders</Filter>
    </None>
    <None Include="Shaders\VertexShaderPostProc.vert">
      <Filter>Shaders</Filter>
    </None>
  </ItemGroup>
</Project>